
Microsoft Visual Studio Solution File, Format Version 12.00
# Visual Studio Version 16
VisualStudioVersion = 16.0.29215.179
MinimumVisualStudioVersion = 10.0.40219.1
Project("{FAE04EC0-301F-11D3-BF4B-00C04F79EFBC}") = "FirstTask", "FirstTask\FirstTask.csproj", "{3755B7A6-51E9-424E-B633-2C6CB8F826C0}"
EndProject
Global
	GlobalSection(SolutionConfigurationPlatforms) = preSolution
		Debug|Any CPU = Debug|Any CPU
		Release|Any CPU = Release|Any CPU
	EndGlobalSection
	GlobalSection(ProjectConfigurationPlatforms) = postSolution
		{3755B7A6-51E9-424E-B633-2C6CB8F826C0}.Debug|Any CPU.ActiveCfg = Debug|Any CPU
		{3755B7A6-51E9-424E-B633-2C6CB8F826C0}.Debug|Any CPU.Build.0 = Debug|Any CPU
		{3755B7A6-51E9-424E-B633-2C6CB8F826C0}.Release|Any CPU.ActiveCfg = Release|Any CPU
		{3755B7A6-51E9-424E-B633-2C6CB8F826C0}.Release|Any CPU.Build.0 = Release|Any CPU
	EndGlobalSection
	GlobalSection(SolutionProperties) = preSolution
		HideSolutionNode = FALSE
	EndGlobalSection
	GlobalSection(ExtensibilityGlobals) = postSolution
		SolutionGuid = {7396530A-8A37-4F3D-89B9-8B5C91083FF8}
	EndGlobalSection
EndGlobal
